
Microsoft Visual Studio Solution File, Format Version 12.00
# Visual Studio 15
VisualStudioVersion = 15.0.26730.3
MinimumVisualStudioVersion = 10.0.40219.1
Project("{FAE04EC0-301F-11D3-BF4B-00C04F79EFBC}") = "TakeHome", "Take Home\TakeHome.csproj", "{DFC904CB-3B9E-4BD5-B7EC-D9724FE830AB}"
EndProject
Project("{FAE04EC0-301F-11D3-BF4B-00C04F79EFBC}") = "TakeHome.Tests", "Take Home.Tests\TakeHome.Tests.csproj", "{98903E1B-B008-4D19-A52A-F8DB1C66E3E2}"
EndProject
Project("{FAE04EC0-301F-11D3-BF4B-00C04F79EFBC}") = "TakeHome.Logic", "TakeHome.Logic\TakeHome.Logic.csproj", "{8F535BD2-70CC-4CE7-8D5B-E227A59E6AF6}"
EndProject
Global
	GlobalSection(SolutionConfigurationPlatforms) = preSolution
		Debug|Any CPU = Debug|Any CPU
		Release|Any CPU = Release|Any CPU
	EndGlobalSection
	GlobalSection(ProjectConfigurationPlatforms) = postSolution
		{DFC904CB-3B9E-4BD5-B7EC-D9724FE830AB}.Debug|Any CPU.ActiveCfg = Debug|Any CPU
		{DFC904CB-3B9E-4BD5-B7EC-D9724FE830AB}.Debug|Any CPU.Build.0 = Debug|Any CPU
		{DFC904CB-3B9E-4BD5-B7EC-D9724FE830AB}.Release|Any CPU.ActiveCfg = Release|Any CPU
		{DFC904CB-3B9E-4BD5-B7EC-D9724FE830AB}.Release|Any CPU.Build.0 = Release|Any CPU
		{98903E1B-B008-4D19-A52A-F8DB1C66E3E2}.Debug|Any CPU.ActiveCfg = Debug|Any CPU
		{98903E1B-B008-4D19-A52A-F8DB1C66E3E2}.Debug|Any CPU.Build.0 = Debug|Any CPU
		{98903E1B-B008-4D19-A52A-F8DB1C66E3E2}.Release|Any CPU.ActiveCfg = Release|Any CPU
		{98903E1B-B008-4D19-A52A-F8DB1C66E3E2}.Release|Any CPU.Build.0 = Release|Any CPU
		{8F535BD2-70CC-4CE7-8D5B-E227A59E6AF6}.Debug|Any CPU.ActiveCfg = Debug|Any CPU
		{8F535BD2-70CC-4CE7-8D5B-E227A59E6AF6}.Debug|Any CPU.Build.0 = Debug|Any CPU
		{8F535BD2-70CC-4CE7-8D5B-E227A59E6AF6}.Release|Any CPU.ActiveCfg = Release|Any CPU
		{8F535BD2-70CC-4CE7-8D5B-E227A59E6AF6}.Release|Any CPU.Build.0 = Release|Any CPU
	EndGlobalSection
	GlobalSection(SolutionProperties) = preSolution
		HideSolutionNode = FALSE
	EndGlobalSection
	GlobalSection(ExtensibilityGlobals) = postSolution
		SolutionGuid = {F36AC255-198B-4042-ABED-E32DD2894A2E}
	EndGlobalSection
EndGlobal
